
Microsoft Visual Studio Solution File, Format Version 12.00
# Visual Studio 15
VisualStudioVersion = 15.0.27428.2005
MinimumVisualStudioVersion = 10.0.40219.1
Project("{FAE04EC0-301F-11D3-BF4B-00C04F79EFBC}") = "CRMService", "CRMService.csproj", "{86F6BD3A-555A-4E57-9621-B10F46F6FF74}"
EndProject
Project("{FAE04EC0-301F-11D3-BF4B-00C04F79EFBC}") = "AzureServiceManager", "AzureServiceManager\AzureServiceManager.csproj", "{1E3C218A-A134-4249-A5C3-2A86B8F558AE}"
EndProject
Project("{FAE04EC0-301F-11D3-BF4B-00C04F79EFBC}") = "CRMDataProvider", "CRMDataProvider\CRMDataProvider.csproj", "{A79E2B30-37A9-4451-BC81-77948169140D}"
EndProject
Project("{FAE04EC0-301F-11D3-BF4B-00C04F79EFBC}") = "Common", "Common\Common.csproj", "{C06C489B-517C-44A2-8B5B-92FB82969788}"
EndProject
Project("{FAE04EC0-301F-11D3-BF4B-00C04F79EFBC}") = "CustomerService", "CustomerService\CustomerService.csproj", "{6F1085E3-263F-47FE-9195-A335D2A94E6B}"
EndProject
Global
	GlobalSection(SolutionConfigurationPlatforms) = preSolution
		Debug|Any CPU = Debug|Any CPU
		Release|Any CPU = Release|Any CPU
	EndGlobalSection
	GlobalSection(ProjectConfigurationPlatforms) = postSolution
		{86F6BD3A-555A-4E57-9621-B10F46F6FF74}.Debug|Any CPU.ActiveCfg = Debug|Any CPU
		{86F6BD3A-555A-4E57-9621-B10F46F6FF74}.Debug|Any CPU.Build.0 = Debug|Any CPU
		{86F6BD3A-555A-4E57-9621-B10F46F6FF74}.Release|Any CPU.ActiveCfg = Release|Any CPU
		{86F6BD3A-555A-4E57-9621-B10F46F6FF74}.Release|Any CPU.Build.0 = Release|Any CPU
		{1E3C218A-A134-4249-A5C3-2A86B8F558AE}.Debug|Any CPU.ActiveCfg = Debug|Any CPU
		{1E3C218A-A134-4249-A5C3-2A86B8F558AE}.Debug|Any CPU.Build.0 = Debug|Any CPU
		{1E3C218A-A134-4249-A5C3-2A86B8F558AE}.Release|Any CPU.ActiveCfg = Release|Any CPU
		{1E3C218A-A134-4249-A5C3-2A86B8F558AE}.Release|Any CPU.Build.0 = Release|Any CPU
		{A79E2B30-37A9-4451-BC81-77948169140D}.Debug|Any CPU.ActiveCfg = Debug|Any CPU
		{A79E2B30-37A9-4451-BC81-77948169140D}.Debug|Any CPU.Build.0 = Debug|Any CPU
		{A79E2B30-37A9-4451-BC81-77948169140D}.Release|Any CPU.ActiveCfg = Release|Any CPU
		{A79E2B30-37A9-4451-BC81-77948169140D}.Release|Any CPU.Build.0 = Release|Any CPU
		{C06C489B-517C-44A2-8B5B-92FB82969788}.Debug|Any CPU.ActiveCfg = Debug|Any CPU
		{C06C489B-517C-44A2-8B5B-92FB82969788}.Debug|Any CPU.Build.0 = Debug|Any CPU
		{C06C489B-517C-44A2-8B5B-92FB82969788}.Release|Any CPU.ActiveCfg = Release|Any CPU
		{C06C489B-517C-44A2-8B5B-92FB82969788}.Release|Any CPU.Build.0 = Release|Any CPU
		{6F1085E3-263F-47FE-9195-A335D2A94E6B}.Debug|Any CPU.ActiveCfg = Debug|Any CPU
		{6F1085E3-263F-47FE-9195-A335D2A94E6B}.Debug|Any CPU.Build.0 = Debug|Any CPU
		{6F1085E3-263F-47FE-9195-A335D2A94E6B}.Release|Any CPU.ActiveCfg = Release|Any CPU
		{6F1085E3-263F-47FE-9195-A335D2A94E6B}.Release|Any CPU.Build.0 = Release|Any CPU
	EndGlobalSection
	GlobalSection(SolutionProperties) = preSolution
		HideSolutionNode = FALSE
	EndGlobalSection
	GlobalSection(ExtensibilityGlobals) = postSolution
		SolutionGuid = {BC31ABC0-1151-49EE-9ED3-1509A1E04E0E}
	EndGlobalSection
EndGlobal
